# This file is autogenerated, do not edit; changes may be undone by the next 'dep ensure'.


[[projects]]
  name = "github.com/garyburd/redigo"
  packages = ["internal","redis"]
  revision = "d1ed5c67e5794de818ea85e6b522fda02623a484"
  version = "v1.4.0"

[[projects]]
  name = "github.com/go-sql-driver/mysql"
  packages = ["."]
  revision = "a0583e0143b1624142adab07e0e97fe106d99561"
  version = "v1.3"

[[projects]]
  name = "github.com/goinbox/color"
  packages = ["."]
  revision = "b829175016e6f52d5783bc84511fb3fe37b51213"
  version = "v1.0.0"

[[projects]]
  branch = "master"
  name = "github.com/goinbox/encoding"
  packages = ["."]
  revision = "4ce5cac4f174809a1e26c02dca3831da1047069e"

[[projects]]
  name = "github.com/goinbox/exception"
  packages = ["."]
  revision = "cee8abd2201bc109bf41075ec8a6e446bdcc77de"
  version = "v1.0.0"

[[projects]]
  name = "github.com/goinbox/gohttp"
  packages = ["controller","gracehttp","query","router","system"]
  revision = "7c9390d03e8eba11f38b056663d64dd49c1a8d6c"
  version = "v1.0.0"

[[projects]]
  name = "github.com/goinbox/golog"
  packages = ["."]
  revision = "0be082c49fdd13219d0d3ea64d9fb1d65111654b"
  version = "v1.1.0"

[[projects]]
  name = "github.com/goinbox/gomisc"
  packages = ["."]
  revision = "dc887af0a49a8835c564de7c8af964e184c80d8a"
  version = "v1.0.1"

[[projects]]
  name = "github.com/goinbox/mysql"
  packages = ["."]
  revision = "40b68b3b84864079970000c23cbb247c9bb84661"
  version = "v1.0.0"

[[projects]]
  name = "github.com/goinbox/pidfile"
  packages = ["."]
  revision = "5b7189680797ce9bc03a824b85dd0b53f5f5343b"
  version = "v1.0.0"

[[projects]]
  name = "github.com/goinbox/pool"
  packages = ["."]
  revision = "b7035f423e0e366b3d9bc07df118b71474a5f855"
  version = "v1.0.0"

[[projects]]
  name = "github.com/goinbox/redis"
  packages = ["."]
  revision = "2af4774f0f279b67f2e5267134f44cb47a506525"
  version = "v1.0.0"

[solve-meta]
  analyzer-name = "dep"
  analyzer-version = 1
  inputs-digest = "9a7c0fb2b7892036b37c6965a940d08c558157bef907e78148ff5c7f1ef43f3d"
  solver-name = "gps-cdcl"
  solver-version = 1
