# This file is autogenerated, do not edit; changes may be undone by the next 'dep ensure'.


[[projects]]
  digest = "1:0594af97b2f4cec6554086eeace6597e20a4b69466eb4ada25adf9f4300dddd2"
  name = "github.com/garyburd/redigo"
  packages = [
    "internal",
    "redis",
  ]
  pruneopts = "UT"
  revision = "a69d19351219b6dd56f274f96d85a7014a2ec34e"
  version = "v1.6.0"

[[projects]]
  digest = "1:ec6f9bf5e274c833c911923c9193867f3f18788c461f76f05f62bb1510e0ae65"
  name = "github.com/go-sql-driver/mysql"
  packages = ["."]
  pruneopts = "UT"
  revision = "72cd26f257d44c1114970e19afddcd812016007e"
  version = "v1.4.1"

[[projects]]
  digest = "1:7f2f830c2881d935ae6ead14ca1b875b7a66669394fd18f182d582592e8c1b43"
  name = "github.com/goinbox/color"
  packages = ["."]
  pruneopts = "UT"
  revision = "b829175016e6f52d5783bc84511fb3fe37b51213"
  version = "v1.0.0"

[[projects]]
  digest = "1:58370a90618744171406c75e014be528a845418501756cb5ba7044aab615bec2"
  name = "github.com/goinbox/crypto"
  packages = ["."]
  pruneopts = "UT"
  revision = "0c23705429a864b879d42869cd8585fc52a8c269"
  version = "v1.1.0"

[[projects]]
  digest = "1:c233bdde02d79638d11f4afc5d53de562a5d52c3e3356a187c1a0e5ad0c912f6"
  name = "github.com/goinbox/exception"
  packages = ["."]
  pruneopts = "UT"
  revision = "e0c2f3dfc942a2698fa8f184558ab497304e1891"
  version = "v1.0.1"

[[projects]]
  digest = "1:a1c9825ed3f251ccf779d890089cee8b3bf7a777bbd73d2c9021d762c4430614"
  name = "github.com/goinbox/gohttp"
  packages = [
    "controller",
    "gracehttp",
    "query",
    "router",
    "system",
  ]
  pruneopts = "UT"
  revision = "21595a3dabb6a40746a7213c71f8c5537717fef6"
  version = "v4.0.0"

[[projects]]
  digest = "1:3b066aef90b3efb140761cf9e6d7aae35d7305d0d34afb08ee0e873fdac9d053"
  name = "github.com/goinbox/golog"
  packages = ["."]
  pruneopts = "UT"
  revision = "3e7b927b184899ac78ca05cbfe2613dbd7acae69"
  version = "v2.1.0"

[[projects]]
  digest = "1:56840882539fdb14f36e39074729ecf20510a18bd09658317f1a474ea666e406"
  name = "github.com/goinbox/gomisc"
  packages = ["."]
  pruneopts = "UT"
  revision = "9a64b4b730b8a17d1fb7d34fd77b78a2f81ca92f"
  version = "v1.2.0"

[[projects]]
  digest = "1:396bf0dc8a092ee4ab8783d1522905240e6e5aa0f8dd7381e14a0d9bb611fc27"
  name = "github.com/goinbox/mongo"
  packages = ["."]
  pruneopts = "UT"
  revision = "948e0eb35b75187ac670948b8fcbe63985465882"
  version = "v1.0.7"

[[projects]]
  digest = "1:6d66343e88bff2f3317b72398d6d7e994bcaad2e011fbb7fd46d83b821b2dbca"
  name = "github.com/goinbox/mysql"
  packages = ["."]
  pruneopts = "UT"
  revision = "35411bf5adec68a41f624ea441e961f05f982968"
  version = "v1.2.1"

[[projects]]
  digest = "1:726f339e2eb1bf7a6d71f601c4d9b6e670b1dba485a7b966e9cda8cbc69e6f69"
  name = "github.com/goinbox/pidfile"
  packages = ["."]
  pruneopts = "UT"
  revision = "5b7189680797ce9bc03a824b85dd0b53f5f5343b"
  version = "v1.0.1"

[[projects]]
  digest = "1:b64e51f5411b32b7f7a7367244d82a5b90ac6ebf5e8cb12310b7c0f6c54e9a8d"
  name = "github.com/goinbox/pool"
  packages = ["."]
  pruneopts = "UT"
  revision = "6074e4a026e3a495c9f4995b991da53002f8b8eb"
  version = "v1.0.1"

[[projects]]
  digest = "1:18828cb9e0faa733e406696f3ab15825428e1266a86203dc5ccacdc3e1226bff"
  name = "github.com/goinbox/redis"
  packages = ["."]
  pruneopts = "UT"
  revision = "01679967f0b8c4b3c230457a23bddde22e9a8292"
  version = "v1.2.5"

[[projects]]
  digest = "1:c25289f43ac4a68d88b02245742347c94f1e108c534dda442188015ff80669b3"
  name = "google.golang.org/appengine"
  packages = ["cloudsql"]
  pruneopts = "UT"
  revision = "54a98f90d1c46b7731eb8fb305d2a321c30ef610"
  version = "v1.5.0"

[[projects]]
  branch = "v2"
  digest = "1:988de7520a09024d5d94cd99bd545afbf194893994ec759b1cda0a0bbb6adb80"
  name = "gopkg.in/mgo.v2"
  packages = [
    ".",
    "bson",
    "internal/json",
    "internal/sasl",
    "internal/scram",
  ]
  pruneopts = "UT"
  revision = "9856a29383ce1c59f308dd1cf0363a79b5bef6b5"

[solve-meta]
  analyzer-name = "dep"
  analyzer-version = 1
  input-imports = [
    "github.com/goinbox/color",
    "github.com/goinbox/crypto",
    "github.com/goinbox/exception",
    "github.com/goinbox/gohttp/controller",
    "github.com/goinbox/gohttp/gracehttp",
    "github.com/goinbox/gohttp/query",
    "github.com/goinbox/gohttp/router",
    "github.com/goinbox/gohttp/system",
    "github.com/goinbox/golog",
    "github.com/goinbox/gomisc",
    "github.com/goinbox/mongo",
    "github.com/goinbox/mysql",
    "github.com/goinbox/pidfile",
    "github.com/goinbox/redis",
    "gopkg.in/mgo.v2",
    "gopkg.in/mgo.v2/bson",
  ]
  solver-name = "gps-cdcl"
  solver-version = 1
