# This file is autogenerated, do not edit; changes may be undone by the next 'dep ensure'.


[[projects]]
  name = "github.com/garyburd/redigo"
  packages = ["internal","redis"]
  revision = "d1ed5c67e5794de818ea85e6b522fda02623a484"
  version = "v1.4.0"

[[projects]]
  name = "github.com/go-sql-driver/mysql"
  packages = ["."]
  revision = "a0583e0143b1624142adab07e0e97fe106d99561"
  version = "v1.3"

[[projects]]
  name = "github.com/goinbox/color"
  packages = ["."]
  revision = "b829175016e6f52d5783bc84511fb3fe37b51213"
  version = "v1.0.0"

[[projects]]
  name = "github.com/goinbox/encoding"
  packages = ["."]
  revision = "4ce5cac4f174809a1e26c02dca3831da1047069e"
  version = "v1.0.0"

[[projects]]
  name = "github.com/goinbox/exception"
  packages = ["."]
  revision = "e0c2f3dfc942a2698fa8f184558ab497304e1891"
  version = "v1.0.1"

[[projects]]
  name = "github.com/goinbox/gohttp"
  packages = ["controller","gracehttp","query","router","system"]
  revision = "e544f6aab0e1ff3bc7c32784a9b1c3038e499d28"
  version = "v1.0.1"

[[projects]]
  name = "github.com/goinbox/golog"
  packages = ["."]
  revision = "062fa2ca77337de83477942062ec3ddff7f68f32"
  version = "v1.2.0"

[[projects]]
  name = "github.com/goinbox/gomisc"
  packages = ["."]
  revision = "dc887af0a49a8835c564de7c8af964e184c80d8a"
  version = "v1.0.1"

[[projects]]
  name = "github.com/goinbox/mysql"
  packages = ["."]
  revision = "fff146bf799e6403909732dbfb714a7f1d92f8ff"
  version = "v1.0.1"

[[projects]]
  name = "github.com/goinbox/pidfile"
  packages = ["."]
  revision = "5b7189680797ce9bc03a824b85dd0b53f5f5343b"
  version = "v1.0.1"

[[projects]]
  name = "github.com/goinbox/pool"
  packages = ["."]
  revision = "6074e4a026e3a495c9f4995b991da53002f8b8eb"
  version = "v1.0.1"

[[projects]]
  name = "github.com/goinbox/redis"
  packages = ["."]
  revision = "f14bf2df06824e697ed4f55648714367c63d9d7c"
  version = "v1.0.1"

[solve-meta]
  analyzer-name = "dep"
  analyzer-version = 1
  inputs-digest = "55eb76090f8ab8c25e538f623a874f2ef74d09feb8d48c5e50e88a0922644322"
  solver-name = "gps-cdcl"
  solver-version = 1
