github.com/garyburd/redigo v1.6.0 h1:0VruCpn7yAIIu7pWVClQC8wxCJEcG3nyzpMSHKi1PQc=
github.com/garyburd/redigo v1.6.0/go.mod h1:NR3MbYisc3/PwhQ00EMzDiPmrwpPxAn5GI05/YaO1SY=
github.com/globalsign/mgo v0.0.0-20181015135952-eeefdecb41b8 h1:DujepqpGd1hyOd7aW59XpK7Qymp8iy83xq74fLr21is=
github.com/globalsign/mgo v0.0.0-20181015135952-eeefdecb41b8/go.mod h1:xkRDCp4j0OGD1HRkm4kmhM+pmpv3AKq5SU7GMg4oO/Q=
github.com/go-sql-driver/mysql v1.5.0 h1:ozyZYNQW3x3HtqT1jira07DN2PArx2v7/mN66gGcHOs=
github.com/go-sql-driver/mysql v1.5.0/go.mod h1:DCzpHaOWr8IXmIStZouvnhqoel9Qv2LBy8hT2VhHyBg=
github.com/goinbox/color v1.0.0 h1:w+HhREKjA3rnGdIxcVbp+ssFvPfMocIHjBbXNMH9gGU=
github.com/goinbox/color v1.0.0/go.mod h1:LKewYUaZLTr4h7G8CUv4Lt6JmOAD0wQePGEIF8faaqk=
github.com/goinbox/crypto v1.1.0 h1:QaaPPtQCeo7Nj15jzqa1UmHlw75NLbJKRGQM3tXtBLI=
github.com/goinbox/crypto v1.1.0/go.mod h1:egr0zTiqZ2CZC2GVPNlRscTYJBHTdr3Bg7EHYQSrvzU=
github.com/goinbox/exception v1.0.1 h1:3Po+hdES2qz2PKVJEWXC59MYOIQBaIBBl8jrymFjdTA=
github.com/goinbox/exception v1.0.1/go.mod h1:9c6nuIh9s/iINQCo9EtB9y11LhJ6ZC1OuzKB/8KIo5k=
github.com/goinbox/gohttp v4.4.0+incompatible h1:g70ZG/YMmlQb/XTaXpji3eSaRQpfeh5NxIcijwps2QI=
github.com/goinbox/gohttp v4.4.0+incompatible/go.mod h1:Cfz21nVkHAQ0FgKq8TGgqWIVhgBDSMHwm2JlxfTANj8=
github.com/goinbox/golog v2.1.2+incompatible h1:hYK/gJWRtSIaQpAEd6oUe7VIOAQZb5rZYESE0sB3ubs=
github.com/goinbox/golog v2.1.2+incompatible/go.mod h1:LpDh2j8NT1DzCFjkpE3joekJWaVxUt+BolHh52GJqtA=
github.com/goinbox/gomisc v1.2.0 h1:T1CHnG8yxUzQIzTJWReqEKfTlZ5krj1UULXO+yi3WiE=
github.com/goinbox/gomisc v1.2.0/go.mod h1:SPnA6bKoY+HIxNBbO2zRX0jBHu0lmi3nCLbZR40aiSs=
github.com/goinbox/mongo v1.1.4 h1:ANcB3Lod5nfo9Gwi0byTks8kZpjmJwUVsn6qxKoYh/c=
github.com/goinbox/mongo v1.1.4/go.mod h1:UbsYUzcS+6lh4vxFeph3et0y7IcKPl5yVLZbSHCtNnY=
github.com/goinbox/mysql v1.2.2 h1:5Zik6KY1P9kgWHgQl/QUDzfnpXOXh+8dNhYlrkMPeC0=
github.com/goinbox/mysql v1.2.2/go.mod h1:dZ8/2cy1ieZoGNtHesR4sZOc6MWQQGpHXUHKEm8hd+A=
github.com/goinbox/pidfile v1.0.1 h1:vRu2+CLWn4kniWfiXYGqEszbbMjJqYTNjoIb1o69Ruw=
github.com/goinbox/pidfile v1.0.1/go.mod h1:ADn0CshgD5YhtdKgsbRg8PpsNBKHF+Sa/zGK9PdCD9o=
github.com/goinbox/pool v1.0.1 h1:aPHPQpv5ax21+L2VQ6cVBVu9nVAfWYR+MmmIgm6UiJ0=
github.com/goinbox/pool v1.0.1/go.mod h1:2F09/yX9GI20pjM0jicH/BGpIPkytKw2NmpCWV3TU4M=
github.com/goinbox/redis v1.2.6 h1:/Ru8wxHEqe45VWv5qJBcU0MT8OtEZYhf3J409bFulSc=
github.com/goinbox/redis v1.2.6/go.mod h1:/1wqRYeOAQYNdnX5y2F2W6dMx10+4v5qQgOXI3Djrwo=
github.com/kr/pretty v0.2.0 h1:s5hAObm+yFO5uHYt5dYjxi2rXrsnmRpJx4OYvIWUaQs=
github.com/kr/pretty v0.2.0/go.mod h1:ipq/a2n7PKx3OHsz4KJII5eveXtPO4qwEXGdVfWzfnI=
github.com/kr/pty v1.1.1/go.mod h1:pFQYn66WHrOpPYNljwOMqo10TkYh1fy3cYio2l3bCsQ=
github.com/kr/text v0.1.0 h1:45sCR5RtlFHMR4UwH9sdQ5TC8v0qDQCHnXt+kaKSTVE=
github.com/kr/text v0.1.0/go.mod h1:4Jbv+DJW3UT/LiOwJeYQe1efqtUx/iVham/4vfdArNI=
gopkg.in/check.v1 v1.0.0-20190902080502-41f04d3bba15 h1:YR8cESwS4TdDjEe65xsg0ogRM/Nc3DYOhEAlW+xobZo=
gopkg.in/check.v1 v1.0.0-20190902080502-41f04d3bba15/go.mod h1:Co6ibVJAznAaIkqp8huTwlJQCZ016jof/cbN4VW5Yz0=
