github.com/garyburd/redigo v1.6.2 h1:yE/pwKCrbLpLpQICzYTeZ7JsTA/C53wFTJHaEtRqniM=
github.com/garyburd/redigo v1.6.2/go.mod h1:NR3MbYisc3/PwhQ00EMzDiPmrwpPxAn5GI05/YaO1SY=
github.com/globalsign/mgo v0.0.0-20181015135952-eeefdecb41b8 h1:DujepqpGd1hyOd7aW59XpK7Qymp8iy83xq74fLr21is=
github.com/globalsign/mgo v0.0.0-20181015135952-eeefdecb41b8/go.mod h1:xkRDCp4j0OGD1HRkm4kmhM+pmpv3AKq5SU7GMg4oO/Q=
github.com/go-sql-driver/mysql v1.5.0 h1:ozyZYNQW3x3HtqT1jira07DN2PArx2v7/mN66gGcHOs=
github.com/go-sql-driver/mysql v1.5.0/go.mod h1:DCzpHaOWr8IXmIStZouvnhqoel9Qv2LBy8hT2VhHyBg=
github.com/go-sql-driver/mysql v1.6.0 h1:BCTh4TKNUYmOmMUcQ3IipzF5prigylS7XXjEkfCHuOE=
github.com/go-sql-driver/mysql v1.6.0/go.mod h1:DCzpHaOWr8IXmIStZouvnhqoel9Qv2LBy8hT2VhHyBg=
github.com/goinbox/color v1.0.0 h1:w+HhREKjA3rnGdIxcVbp+ssFvPfMocIHjBbXNMH9gGU=
github.com/goinbox/color v1.0.0/go.mod h1:LKewYUaZLTr4h7G8CUv4Lt6JmOAD0wQePGEIF8faaqk=
github.com/goinbox/crypto v1.2.0 h1:vj0c7fafQ62VbqnHKxsT4bwYNB4XpbawdNrZxRPJN8g=
github.com/goinbox/crypto v1.2.0/go.mod h1:egr0zTiqZ2CZC2GVPNlRscTYJBHTdr3Bg7EHYQSrvzU=
github.com/goinbox/goerror v1.0.0 h1:9jgltm4MeAaWZUoaYML5IHrMbBM5bj/0L1sSK4ln/uk=
github.com/goinbox/goerror v1.0.0/go.mod h1:UCTdqJUxUBHR+FHZ9pVwovz0kd4fivNpDQS+axBHzrc=
github.com/goinbox/gohttp v1.0.2 h1:3JGzshXa0/uyFAMn0dd07UHdVJAwF3G7k/8+Jg+DiN0=
github.com/goinbox/gohttp v4.6.0+incompatible h1:3DcTlNESiPnfCKed8y4crwxzg+XTSgJ0fmaww1/H9VQ=
github.com/goinbox/gohttp v4.6.0+incompatible/go.mod h1:Cfz21nVkHAQ0FgKq8TGgqWIVhgBDSMHwm2JlxfTANj8=
github.com/goinbox/gohttp v4.6.1+incompatible h1:bRP8OTnYwVTJ+PEni9e8MiWOqSVZuI0PzQ7peMr7DkE=
github.com/goinbox/gohttp v4.6.1+incompatible/go.mod h1:Cfz21nVkHAQ0FgKq8TGgqWIVhgBDSMHwm2JlxfTANj8=
github.com/goinbox/golog v1.3.0 h1:+MFZ6f+QYdGJBavZE+UZlQsdE0jTT0t36Xf3HMTKRxI=
github.com/goinbox/golog v2.2.0+incompatible h1:QprXwk0AHzIiWqy/3ict5735MIiwy0YR9Mb7VtTfHoE=
github.com/goinbox/golog v2.2.0+incompatible/go.mod h1:LpDh2j8NT1DzCFjkpE3joekJWaVxUt+BolHh52GJqtA=
github.com/goinbox/gomisc v1.2.0 h1:T1CHnG8yxUzQIzTJWReqEKfTlZ5krj1UULXO+yi3WiE=
github.com/goinbox/gomisc v1.2.0/go.mod h1:SPnA6bKoY+HIxNBbO2zRX0jBHu0lmi3nCLbZR40aiSs=
github.com/goinbox/mongo v1.1.5 h1:SBcT7pOqIQEId53JwijOinzbzFHzsjJ1RG/YfwsNAtI=
github.com/goinbox/mongo v1.1.5/go.mod h1:UbsYUzcS+6lh4vxFeph3et0y7IcKPl5yVLZbSHCtNnY=
github.com/goinbox/mysql v1.3.0 h1:cjpJax8k/d0PAa2BwzOplPZIPJxZ+1POlFWv2T0AfS4=
github.com/goinbox/mysql v1.3.0/go.mod h1:dZ8/2cy1ieZoGNtHesR4sZOc6MWQQGpHXUHKEm8hd+A=
github.com/goinbox/mysql v1.3.1 h1:TVoZwZUspYE9XBI1Yw6whXfyO7Dc3zU48ZeXX00HMpo=
github.com/goinbox/mysql v1.3.1/go.mod h1:dZ8/2cy1ieZoGNtHesR4sZOc6MWQQGpHXUHKEm8hd+A=
github.com/goinbox/mysql v2.0.0+incompatible h1:FYwO0lIKMLWAnEQPuIFSgBggC4bUXMc/MOiluVyo/xI=
github.com/goinbox/mysql v2.0.0+incompatible/go.mod h1:dZ8/2cy1ieZoGNtHesR4sZOc6MWQQGpHXUHKEm8hd+A=
github.com/goinbox/mysql v2.1.0+incompatible h1:TDwfbnV9v+61thEBjidfaJv67rhoC236MlwPakSyokU=
github.com/goinbox/mysql v2.1.0+incompatible/go.mod h1:dZ8/2cy1ieZoGNtHesR4sZOc6MWQQGpHXUHKEm8hd+A=
github.com/goinbox/mysql v2.2.0+incompatible h1:4LbixgVZVPEKZ+/4r8xtV08CKQcukSbxbEhwuLfMd8g=
github.com/goinbox/mysql v2.2.0+incompatible/go.mod h1:dZ8/2cy1ieZoGNtHesR4sZOc6MWQQGpHXUHKEm8hd+A=
github.com/goinbox/pidfile v1.0.1 h1:vRu2+CLWn4kniWfiXYGqEszbbMjJqYTNjoIb1o69Ruw=
github.com/goinbox/pidfile v1.0.1/go.mod h1:ADn0CshgD5YhtdKgsbRg8PpsNBKHF+Sa/zGK9PdCD9o=
github.com/goinbox/pool v1.0.1 h1:aPHPQpv5ax21+L2VQ6cVBVu9nVAfWYR+MmmIgm6UiJ0=
github.com/goinbox/pool v1.0.1/go.mod h1:2F09/yX9GI20pjM0jicH/BGpIPkytKw2NmpCWV3TU4M=
github.com/goinbox/redis v1.2.7 h1:4OsP71ULbpE5MXy9tmtc9223ns1rnZWcA9SdddEy33E=
github.com/goinbox/redis v1.2.7/go.mod h1:/1wqRYeOAQYNdnX5y2F2W6dMx10+4v5qQgOXI3Djrwo=
